
Microsoft Visual Studio Solution File, Format Version 12.00
# Visual Studio 2013
VisualStudioVersion = 12.0.21005.1
MinimumVisualStudioVersion = 10.0.40219.1
Project("{FAE04EC0-301F-11D3-BF4B-00C04F79EFBC}") = "jx_website.Web", "jx_website.Web\jx_website.Web.csproj", "{75652181-E658-4F9A-B03E-08896CDF3FC1}"
EndProject
Global
	GlobalSection(SolutionConfigurationPlatforms) = preSolution
		Debug|Any CPU = Debug|Any CPU
		Release|Any CPU = Release|Any CPU
	EndGlobalSection
	GlobalSection(ProjectConfigurationPlatforms) = postSolution
		{75652181-E658-4F9A-B03E-08896CDF3FC1}.Debug|Any CPU.ActiveCfg = Debug|Any CPU
		{75652181-E658-4F9A-B03E-08896CDF3FC1}.Debug|Any CPU.Build.0 = Debug|Any CPU
		{75652181-E658-4F9A-B03E-08896CDF3FC1}.Release|Any CPU.ActiveCfg = Release|Any CPU
		{75652181-E658-4F9A-B03E-08896CDF3FC1}.Release|Any CPU.Build.0 = Release|Any CPU
	EndGlobalSection
	GlobalSection(SolutionProperties) = preSolution
		HideSolutionNode = FALSE
	EndGlobalSection
EndGlobal
